# This file was autogenerated by Stack.
# You should not edit this file by hand.
# For more information, please see the documentation at:
#   https://docs.haskellstack.org/en/stable/lock_files

packages:
- completed:
    hackage: split-0.2.3.4@sha256:a6df9c3e806ee7cb50bc980a183fc1156f35022a39430dabac0bf9456fe18a4b,2647
    pantry-tree:
      size: 439
      sha256: 4e7559f1be32a70cdbdb96d14db768561dd36b8fdff36b3ffac94751f5b5ae6d
  original:
    hackage: split-0.2.3.4
- completed:
    hackage: parsec-3.1.14.0@sha256:03c7a32711ca7e0066d29e32a602599ab0d8902061e2a24e08e2ab480ac0c55c,4356
    pantry-tree:
      size: 2574
      sha256: 248ed5f32959a83bce5b4932f87cde148cdf414b54cfe59e5bc3e4e3f544c16a
  original:
    hackage: parsec-3.1.14.0
- completed:
    hackage: memoize-1.1.1@sha256:a4c636df010564307ce1fe6e69379192de0c756f7766e61224da8a896ffd5fe1,1926
    pantry-tree:
      size: 687
      sha256: 903833765b601ec1cfd8bfeb2290dffaf6e551eaf4b1754c62858b181c414843
  original:
    hackage: memoize-1.1.1@sha256:a4c636df010564307ce1fe6e69379192de0c756f7766e61224da8a896ffd5fe1,1926
snapshots:
- completed:
    size: 618740
    url: https://raw.githubusercontent.com/commercialhaskell/stackage-snapshots/master/lts/19/13.yaml
    sha256: ef98d70e4018bf01feb00ccdcd33ab26d056dbb71b38057c78fdd0d1ec671c85
  original:
    url: https://raw.githubusercontent.com/commercialhaskell/stackage-snapshots/master/lts/19/13.yaml
